
Microsoft Visual Studio Solution File, Format Version 12.00
# Visual Studio Version 17
VisualStudioVersion = 17.4.33205.214
MinimumVisualStudioVersion = 10.0.40219.1
Project("{9A19103F-16F7-4668-BE54-9A1E7A4F7556}") = "ExtraBindings", "ExtraBindings.csproj", "{9B6C534C-17E9-4458-9B96-381AD1ADA5A3}"
EndProject
Global
	GlobalSection(SolutionConfigurationPlatforms) = preSolution
		Debug|Any CPU = Debug|Any CPU
		Release|Any CPU = Release|Any CPU
	EndGlobalSection
	GlobalSection(ProjectConfigurationPlatforms) = postSolution
		{9B6C534C-17E9-4458-9B96-381AD1ADA5A3}.Debug|Any CPU.ActiveCfg = Debug|Any CPU
		{9B6C534C-17E9-4458-9B96-381AD1ADA5A3}.Debug|Any CPU.Build.0 = Debug|Any CPU
		{9B6C534C-17E9-4458-9B96-381AD1ADA5A3}.Release|Any CPU.ActiveCfg = Release|Any CPU
		{9B6C534C-17E9-4458-9B96-381AD1ADA5A3}.Release|Any CPU.Build.0 = Release|Any CPU
	EndGlobalSection
	GlobalSection(SolutionProperties) = preSolution
		HideSolutionNode = FALSE
	EndGlobalSection
	GlobalSection(ExtensibilityGlobals) = postSolution
		SolutionGuid = {6786403B-027C-4C06-8397-F89FB44EF445}
	EndGlobalSection
EndGlobal
